
Microsoft Visual Studio Solution File, Format Version 12.00
# Visual Studio Version 16
VisualStudioVersion = 16.0.29728.190
MinimumVisualStudioVersion = 10.0.40219.1
Project("{FAE04EC0-301F-11D3-BF4B-00C04F79EFBC}") = "GrpcService", "GrpcService\GrpcService.csproj", "{26EBF0D6-DE50-4DDD-8BB2-07BBCE83B05C}"
EndProject
Project("{FAE04EC0-301F-11D3-BF4B-00C04F79EFBC}") = "GrpcConsoleClient", "GrpcConsoleClient\GrpcConsoleClient.csproj", "{72EE9FD1-894E-4CD0-AB38-33B22B1B603C}"
EndProject
Global
	GlobalSection(SolutionConfigurationPlatforms) = preSolution
		Debug|Any CPU = Debug|Any CPU
		Release|Any CPU = Release|Any CPU
	EndGlobalSection
	GlobalSection(ProjectConfigurationPlatforms) = postSolution
		{26EBF0D6-DE50-4DDD-8BB2-07BBCE83B05C}.Debug|Any CPU.ActiveCfg = Debug|Any CPU
		{26EBF0D6-DE50-4DDD-8BB2-07BBCE83B05C}.Debug|Any CPU.Build.0 = Debug|Any CPU
		{26EBF0D6-DE50-4DDD-8BB2-07BBCE83B05C}.Release|Any CPU.ActiveCfg = Release|Any CPU
		{26EBF0D6-DE50-4DDD-8BB2-07BBCE83B05C}.Release|Any CPU.Build.0 = Release|Any CPU
		{72EE9FD1-894E-4CD0-AB38-33B22B1B603C}.Debug|Any CPU.ActiveCfg = Debug|Any CPU
		{72EE9FD1-894E-4CD0-AB38-33B22B1B603C}.Debug|Any CPU.Build.0 = Debug|Any CPU
		{72EE9FD1-894E-4CD0-AB38-33B22B1B603C}.Release|Any CPU.ActiveCfg = Release|Any CPU
		{72EE9FD1-894E-4CD0-AB38-33B22B1B603C}.Release|Any CPU.Build.0 = Release|Any CPU
	EndGlobalSection
	GlobalSection(SolutionProperties) = preSolution
		HideSolutionNode = FALSE
	EndGlobalSection
	GlobalSection(ExtensibilityGlobals) = postSolution
		SolutionGuid = {413EF2B0-6B83-4BB3-9540-7D9DEAA4FED0}
	EndGlobalSection
EndGlobal
